{
  "name": "showcase-heic",
  "version": "1.0.0",
  "lockfileVersion": 3,
  "requires": true,
  "packages": {
    "": {
      "name": "showcase-heic",
      "version": "1.0.0",
      "dependencies": {
        "libheif-js": "1.23.2"
      }
    },
    "node_modules/libheif-js": {
      "version": "1.23.2",
      "resolved": "https://registry.npmjs.org/libheif-js/-/libheif-js-1.23.2.tgz",
      "integrity": "sha512-qvHIXtggEsw1lCNCWBYKloL2Z36DJBm0R9ThGiH2JnhKYdeZFLPFkP30Lw4yMskxxhx0bKg1gLrBHX1D2w2pSw==",
      "license": "LGPL-3.0",
      "engines": {
        "node": ">=8.0.0"
      }
    }
  }
}
